// !$*UTF8*$!
{
	archiveVersion = 1;
	classes = {
	};
	objectVersion = 77;
	objects = {

/* Begin PBXContainerItemProxy section */
		74A934752D10B8DA00FC481F /* PBXContainerItemProxy */ = {
			isa = PBXContainerItemProxy;
			containerPortal = 74A9345C2D10B8D800FC481F /* Project object */;
			proxyType = 1;
			remoteGlobalIDString = 74A934632D10B8D800FC481F;
			remoteInfo = TheBrewBarn;
		};
		74A9347F2D10B8DA00FC481F /* PBXContainerItemProxy */ = {
			isa = PBXContainerItemProxy;
			containerPortal = 74A9345C2D10B8D800FC481F /* Project object */;
			proxyType = 1;
			remoteGlobalIDString = 74A934632D10B8D800FC481F;
			remoteInfo = TheBrewBarn;
		};
/* End PBXContainerItemProxy section */

/* Begin PBXFileReference section */
		74A934642D10B8D800FC481F /* TheBrewBarn.app */ = {isa = PBXFileReference; explicitFileType = wrapper.application; includeInIndex = 0; path = TheBrewBarn.app; sourceTree = BUILT_PRODUCTS_DIR; };
		74A934742D10B8DA00FC481F /* TheBrewBarnTests.xctest */ = {isa = PBXFileReference; explicitFileType = wrapper.cfbundle; includeInIndex = 0; path = TheBrewBarnTests.xctest; sourceTree = BUILT_PRODUCTS_DIR; };
		74A9347E2D10B8DA00FC481F /* TheBrewBarnUITests.xctest */ = {isa = PBXFileReference; explicitFileType = wrapper.cfbundle; includeInIndex = 0; path = TheBrewBarnUITests.xctest; sourceTree = BUILT_PRODUCTS_DIR; };
/* End PBXFileReference section */

/* Begin PBXFileSystemSynchronizedRootGroup section */
		74A934662D10B8D800FC481F /* TheBrewBarn */ = {
			isa = PBXFileSystemSynchronizedRootGroup;
			path = TheBrewBarn;
			sourceTree = "<group>";
		};
		74A934772D10B8DA00FC481F /* TheBrewBarnTests */ = {
			isa = PBXFileSystemSynchronizedRootGroup;
			path = TheBrewBarnTests;
			sourceTree = "<group>";
		};
		74A934812D10B8DA00FC481F /* TheBrewBarnUITests */ = {
			isa = PBXFileSystemSynchronizedRootGroup;
			path = TheBrewBarnUITests;
			sourceTree = "<group>";
		};
/* End PBXFileSystemSynchronizedRootGroup section */

/* Begin PBXFrameworksBuildPhase section */
		74A934612D10B8D800FC481F /* Frameworks */ = {
			isa = PBXFrameworksBuildPhase;
			buildActionMask = 2147483647;
			files = (
			);
			runOnlyForDeploymentPostprocessing = 0;
		};
		74A934712D10B8DA00FC481F /* Frameworks */ = {
			isa = PBXFrameworksBuildPhase;
			buildActionMask = 2147483647;
			files = (
			);
			runOnlyForDeploymentPostprocessing = 0;
		};
		74A9347B2D10B8DA00FC481F /* Frameworks */ = {
			isa = PBXFrameworksBuildPhase;
			buildActionMask = 2147483647;
			files = (
			);
			runOnlyForDeploymentPostprocessing = 0;
		};
/* End PBXFrameworksBuildPhase section */

/* Begin PBXGroup section */
		74A9345B2D10B8D800FC481F = {
			isa = PBXGroup;
			children = (
				74A934662D10B8D800FC481F /* TheBrewBarn */,
				74A934772D10B8DA00FC481F /* TheBrewBarnTests */,
				74A934812D10B8DA00FC481F /* TheBrewBarnUITests */,
				74A934652D10B8D800FC481F /* Products */,
			);
			sourceTree = "<group>";
		};
		74A934652D10B8D800FC481F /* Products */ = {
			isa = PBXGroup;
			children = (
				74A934642D10B8D800FC481F /* TheBrewBarn.app */,
				74A934742D10B8DA00FC481F /* TheBrewBarnTests.xctest */,
				74A9347E2D10B8DA00FC481F /* TheBrewBarnUITests.xctest */,
			);
			name = Products;
			sourceTree = "<group>";
		};
/* End PBXGroup section */

/* Begin PBXNativeTarget section */
		74A934632D10B8D800FC481F /* TheBrewBarn */ = {
			isa = PBXNativeTarget;
			buildConfigurationList = 74A934882D10B8DA00FC481F /* Build configuration list for PBXNativeTarget "TheBrewBarn" */;
			buildPhases = (
				74A934602D10B8D800FC481F /* Sources */,
				74A934612D10B8D800FC481F /* Frameworks */,
				74A934622D10B8D800FC481F /* Resources */,
			);
			buildRules = (
			);
			dependencies = (
			);
			fileSystemSynchronizedGroups = (
				74A934662D10B8D800FC481F /* TheBrewBarn */,
			);
			name = TheBrewBarn;
			packageProductDependencies = (
			);
			productName = TheBrewBarn;
			productReference = 74A934642D10B8D800FC481F /* TheBrewBarn.app */;
			productType = "com.apple.product-type.application";
		};
		74A934732D10B8DA00FC481F /* TheBrewBarnTests */ = {
			isa = PBXNativeTarget;
			buildConfigurationList = 74A9348B2D10B8DA00FC481F /* Build configuration list for PBXNativeTarget "TheBrewBarnTests" */;
			buildPhases = (
				74A934702D10B8DA00FC481F /* Sources */,
				74A934712D10B8DA00FC481F /* Frameworks */,
				74A934722D10B8DA00FC481F /* Resources */,
			);
			buildRules = (
			);
			dependencies = (
				74A934762D10B8DA00FC481F /* PBXTargetDependency */,
			);
			fileSystemSynchronizedGroups = (
				74A934772D10B8DA00FC481F /* TheBrewBarnTests */,
			);
			name = TheBrewBarnTests;
			packageProductDependencies = (
			);
			productName = TheBrewBarnTests;
			productReference = 74A934742D10B8DA00FC481F /* TheBrewBarnTests.xctest */;
			productType = "com.apple.product-type.bundle.unit-test";
		};
		74A9347D2D10B8DA00FC481F /* TheBrewBarnUITests */ = {
			isa = PBXNativeTarget;
			buildConfigurationList = 74A9348E2D10B8DA00FC481F /* Build configuration list for PBXNativeTarget "TheBrewBarnUITests" */;
			buildPhases = (
				74A9347A2D10B8DA00FC481F /* Sources */,
				74A9347B2D10B8DA00FC481F /* Frameworks */,
				74A9347C2D10B8DA00FC481F /* Resources */,
			);
			buildRules = (
			);
			dependencies = (
				74A934802D10B8DA00FC481F /* PBXTargetDependency */,
			);
			fileSystemSynchronizedGroups = (
				74A934812D10B8DA00FC481F /* TheBrewBarnUITests */,
			);
			name = TheBrewBarnUITests;
			packageProductDependencies = (
			);
			productName = TheBrewBarnUITests;
			productReference = 74A9347E2D10B8DA00FC481F /* TheBrewBarnUITests.xctest */;
			productType = "com.apple.product-type.bundle.ui-testing";
		};
/* End PBXNativeTarget section */

/* Begin PBXProject section */
		74A9345C2D10B8D800FC481F /* Project object */ = {
			isa = PBXProject;
			attributes = {
				BuildIndependentTargetsInParallel = 1;
				LastSwiftUpdateCheck = 1620;
				LastUpgradeCheck = 1620;
				TargetAttributes = {
					74A934632D10B8D800FC481F = {
						CreatedOnToolsVersion = 16.2;
					};
					74A934732D10B8DA00FC481F = {
						CreatedOnToolsVersion = 16.2;
						TestTargetID = 74A934632D10B8D800FC481F;
					};
					74A9347D2D10B8DA00FC481F = {
						CreatedOnToolsVersion = 16.2;
						TestTargetID = 74A934632D10B8D800FC481F;
					};
				};
			};
			buildConfigurationList = 74A9345F2D10B8D800FC481F /* Build configuration list for PBXProject "TheBrewBarn" */;
			developmentRegion = en;
			hasScannedForEncodings = 0;
			knownRegions = (
				en,
				Base,
			);
			mainGroup = 74A9345B2D10B8D800FC481F;
			minimizedProjectReferenceProxies = 1;
			preferredProjectObjectVersion = 77;
			productRefGroup = 74A934652D10B8D800FC481F /* Products */;
			projectDirPath = "";
			projectRoot = "";
			targets = (
				74A934632D10B8D800FC481F /* TheBrewBarn */,
				74A934732D10B8DA00FC481F /* TheBrewBarnTests */,
				74A9347D2D10B8DA00FC481F /* TheBrewBarnUITests */,
			);
		};
/* End PBXProject section */

/* Begin PBXResourcesBuildPhase section */
		74A934622D10B8D800FC481F /* Resources */ = {
			isa = PBXResourcesBuildPhase;
			buildActionMask = 2147483647;
			files = (
			);
			runOnlyForDeploymentPostprocessing = 0;
		};
		74A934722D10B8DA00FC481F /* Resources */ = {
			isa = PBXResourcesBuildPhase;
			buildActionMask = 2147483647;
			files = (
			);
			runOnlyForDeploymentPostprocessing = 0;
		};
		74A9347C2D10B8DA00FC481F /* Resources */ = {
			isa = PBXResourcesBuildPhase;
			buildActionMask = 2147483647;
			files = (
			);
			runOnlyForDeploymentPostprocessing = 0;
		};
/* End PBXResourcesBuildPhase section */

/* Begin PBXSourcesBuildPhase section */
		74A934602D10B8D800FC481F /* Sources */ = {
			isa = PBXSourcesBuildPhase;
			buildActionMask = 2147483647;
			files = (
			);
			runOnlyForDeploymentPostprocessing = 0;
		};
		74A934702D10B8DA00FC481F /* Sources */ = {
			isa = PBXSourcesBuildPhase;
			buildActionMask = 2147483647;
			files = (
			);
			runOnlyForDeploymentPostprocessing = 0;
		};
		74A9347A2D10B8DA00FC481F /* Sources */ = {
			isa = PBXSourcesBuildPhase;
			buildActionMask = 2147483647;
			files = (
			);
			runOnlyForDeploymentPostprocessing = 0;
		};
/* End PBXSourcesBuildPhase section */

/* Begin PBXTargetDependency section */
		74A934762D10B8DA00FC481F /* PBXTargetDependency */ = {
			isa = PBXTargetDependency;
			target = 74A934632D10B8D800FC481F /* TheBrewBarn */;
			targetProxy = 74A934752D10B8DA00FC481F /* PBXContainerItemProxy */;
		};
		74A934802D10B8DA00FC481F /* PBXTargetDependency */ = {
			isa = PBXTargetDependency;
			target = 74A934632D10B8D800FC481F /* TheBrewBarn */;
			targetProxy = 74A9347F2D10B8DA00FC481F /* PBXContainerItemProxy */;
		};
/* End PBXTargetDependency section */

/* Begin XCBuildConfiguration section */
		74A934862D10B8DA00FC481F /* Debug */ = {
			isa = XCBuildConfiguration;
			buildSettings = {
				ALWAYS_SEARCH_USER_PATHS = NO;
				ASSETCATALOG_COMPILER_GENERATE_SWIFT_ASSET_SYMBOL_EXTENSIONS = YES;
				CLANG_ANALYZER_NONNULL = YES;
				CLANG_ANALYZER_NUMBER_OBJECT_CONVERSION = YES_AGGRESSIVE;
				CLANG_CXX_LANGUAGE_STANDARD = "gnu++20";
				CLANG_ENABLE_MODULES = YES;
				CLANG_ENABLE_OBJC_ARC = YES;
				CLANG_ENABLE_OBJC_WEAK = YES;
				CLANG_WARN_BLOCK_CAPTURE_AUTORELEASING = YES;
				CLANG_WARN_BOOL_CONVERSION = YES;
				CLANG_WARN_COMMA = YES;
				CLANG_WARN_CONSTANT_CONVERSION = YES;
				CLANG_WARN_DEPRECATED_OBJC_IMPLEMENTATIONS = YES;
				CLANG_WARN_DIRECT_OBJC_ISA_USAGE = YES_ERROR;
				CLANG_WARN_DOCUMENTATION_COMMENTS = YES;
				CLANG_WARN_EMPTY_BODY = YES;
				CLANG_WARN_ENUM_CONVERSION = YES;
				CLANG_WARN_INFINITE_RECURSION = YES;
				CLANG_WARN_INT_CONVERSION = YES;
				CLANG_WARN_NON_LITERAL_NULL_CONVERSION = YES;
				CLANG_WARN_OBJC_IMPLICIT_RETAIN_SELF = YES;
				CLANG_WARN_OBJC_LITERAL_CONVERSION = YES;
				CLANG_WARN_OBJC_ROOT_CLASS = YES_ERROR;
				CLANG_WARN_QUOTED_INCLUDE_IN_FRAMEWORK_HEADER = YES;
				CLANG_WARN_RANGE_LOOP_ANALYSIS = YES;
				CLANG_WARN_STRICT_PROTOTYPES = YES;
				CLANG_WARN_SUSPICIOUS_MOVE = YES;
				CLANG_WARN_UNGUARDED_AVAILABILITY = YES_AGGRESSIVE;
				CLANG_WARN_UNREACHABLE_CODE = YES;
				CLANG_WARN__DUPLICATE_METHOD_MATCH = YES;
				COPY_PHASE_STRIP = NO;
				DEBUG_INFORMATION_FORMAT = dwarf;
				ENABLE_STRICT_OBJC_MSGSEND = YES;
				ENABLE_TESTABILITY = YES;
				ENABLE_USER_SCRIPT_SANDBOXING = YES;
				GCC_C_LANGUAGE_STANDARD = gnu17;
				GCC_DYNAMIC_NO_PIC = NO;
				GCC_NO_COMMON_BLOCKS = YES;
				GCC_OPTIMIZATION_LEVEL = 0;
				GCC_PREPROCESSOR_DEFINITIONS = (
					"DEBUG=1",
					"$(inherited)",
				);
				GCC_WARN_64_TO_32_BIT_CONVERSION = YES;
				GCC_WARN_ABOUT_RETURN_TYPE = YES_ERROR;
				GCC_WARN_UNDECLARED_SELECTOR = YES;
				GCC_WARN_UNINITIALIZED_AUTOS = YES_AGGRESSIVE;
				GCC_WARN_UNUSED_FUNCTION = YES;
				GCC_WARN_UNUSED_VARIABLE = YES;
				IPHONEOS_DEPLOYMENT_TARGET = 18.2;
				LOCALIZATION_PREFERS_STRING_CATALOGS = YES;
				MTL_ENABLE_DEBUG_INFO = INCLUDE_SOURCE;
				MTL_FAST_MATH = YES;
				ONLY_ACTIVE_ARCH = YES;
				SDKROOT = iphoneos;
				SWIFT_ACTIVE_COMPILATION_CONDITIONS = "DEBUG $(inherited)";
				SWIFT_OPTIMIZATION_LEVEL = "-Onone";
			};
			name = Debug;
		};
		74A934872D10B8DA00FC481F /* Release */ = {
			isa = XCBuildConfiguration;
			buildSettings = {
				ALWAYS_SEARCH_USER_PATHS = NO;
				ASSETCATALOG_COMPILER_GENERATE_SWIFT_ASSET_SYMBOL_EXTENSIONS = YES;
				CLANG_ANALYZER_NONNULL = YES;
				CLANG_ANALYZER_NUMBER_OBJECT_CONVERSION = YES_AGGRESSIVE;
				CLANG_CXX_LANGUAGE_STANDARD = "gnu++20";
				CLANG_ENABLE_MODULES = YES;
				CLANG_ENABLE_OBJC_ARC = YES;
				CLANG_ENABLE_OBJC_WEAK = YES;
				CLANG_WARN_BLOCK_CAPTURE_AUTORELEASING = YES;
				CLANG_WARN_BOOL_CONVERSION = YES;
				CLANG_WARN_COMMA = YES;
				CLANG_WARN_CONSTANT_CONVERSION = YES;
				CLANG_WARN_DEPRECATED_OBJC_IMPLEMENTATIONS = YES;
				CLANG_WARN_DIRECT_OBJC_ISA_USAGE = YES_ERROR;
				CLANG_WARN_DOCUMENTATION_COMMENTS = YES;
				CLANG_WARN_EMPTY_BODY = YES;
				CLANG_WARN_ENUM_CONVERSION = YES;
				CLANG_WARN_INFINITE_RECURSION = YES;
				CLANG_WARN_INT_CONVERSION = YES;
				CLANG_WARN_NON_LITERAL_NULL_CONVERSION = YES;
				CLANG_WARN_OBJC_IMPLICIT_RETAIN_SELF = YES;
				CLANG_WARN_OBJC_LITERAL_CONVERSION = YES;
				CLANG_WARN_OBJC_ROOT_CLASS = YES_ERROR;
				CLANG_WARN_QUOTED_INCLUDE_IN_FRAMEWORK_HEADER = YES;
				CLANG_WARN_RANGE_LOOP_ANALYSIS = YES;
				CLANG_WARN_STRICT_PROTOTYPES = YES;
				CLANG_WARN_SUSPICIOUS_MOVE = YES;
				CLANG_WARN_UNGUARDED_AVAILABILITY = YES_AGGRESSIVE;
				CLANG_WARN_UNREACHABLE_CODE = YES;
				CLANG_WARN__DUPLICATE_METHOD_MATCH = YES;
				COPY_PHASE_STRIP = NO;
				DEBUG_INFORMATION_FORMAT = "dwarf-with-dsym";
				ENABLE_NS_ASSERTIONS = NO;
				ENABLE_STRICT_OBJC_MSGSEND = YES;
				ENABLE_USER_SCRIPT_SANDBOXING = YES;
				GCC_C_LANGUAGE_STANDARD = gnu17;
				GCC_NO_COMMON_BLOCKS = YES;
				GCC_WARN_64_TO_32_BIT_CONVERSION = YES;
				GCC_WARN_ABOUT_RETURN_TYPE = YES_ERROR;
				GCC_WARN_UNDECLARED_SELECTOR = YES;
				GCC_WARN_UNINITIALIZED_AUTOS = YES_AGGRESSIVE;
				GCC_WARN_UNUSED_FUNCTION = YES;
				GCC_WARN_UNUSED_VARIABLE = YES;
				IPHONEOS_DEPLOYMENT_TARGET = 18.2;
				LOCALIZATION_PREFERS_STRING_CATALOGS = YES;
				MTL_ENABLE_DEBUG_INFO = NO;
				MTL_FAST_MATH = YES;
				SDKROOT = iphoneos;
				SWIFT_COMPILATION_MODE = wholemodule;
				VALIDATE_PRODUCT = YES;
			};
			name = Release;
		};
		74A934892D10B8DA00FC481F /* Debug */ = {
			isa = XCBuildConfiguration;
			buildSettings = {
				ASSETCATALOG_COMPILER_APPICON_NAME = AppIcon;
				ASSETCATALOG_COMPILER_GLOBAL_ACCENT_COLOR_NAME = AccentColor;
				CODE_SIGN_STYLE = Automatic;
				CURRENT_PROJECT_VERSION = 1;
				DEVELOPMENT_ASSET_PATHS = "\"TheBrewBarn/Preview Content\"";
				ENABLE_PREVIEWS = YES;
				GENERATE_INFOPLIST_FILE = YES;
				INFOPLIST_KEY_UIApplicationSceneManifest_Generation = YES;
				INFOPLIST_KEY_UIApplicationSupportsIndirectInputEvents = YES;
				INFOPLIST_KEY_UILaunchScreen_Generation = YES;
				INFOPLIST_KEY_UISupportedInterfaceOrientations_iPad = "UIInterfaceOrientationPortrait UIInterfaceOrientationPortraitUpsideDown UIInterfaceOrientationLandscapeLeft UIInterfaceOrientationLandscapeRight";
				INFOPLIST_KEY_UISupportedInterfaceOrientations_iPhone = "UIInterfaceOrientationPortrait UIInterfaceOrientationLandscapeLeft UIInterfaceOrientationLandscapeRight";
				LD_RUNPATH_SEARCH_PATHS = (
					"$(inherited)",
					"@executable_path/Frameworks",
				);
				MARKETING_VERSION = 1.0;
				PRODUCT_BUNDLE_IDENTIFIER = us.swcsd.TheBrewBarn;
				PRODUCT_NAME = "$(TARGET_NAME)";
				SWIFT_EMIT_LOC_STRINGS = YES;
				SWIFT_VERSION = 5.0;
				TARGETED_DEVICE_FAMILY = "1,2";
			};
			name = Debug;
		};
		74A9348A2D10B8DA00FC481F /* Release */ = {
			isa = XCBuildConfiguration;
			buildSettings = {
				ASSETCATALOG_COMPILER_APPICON_NAME = AppIcon;
				ASSETCATALOG_COMPILER_GLOBAL_ACCENT_COLOR_NAME = AccentColor;
				CODE_SIGN_STYLE = Automatic;
				CURRENT_PROJECT_VERSION = 1;
				DEVELOPMENT_ASSET_PATHS = "\"TheBrewBarn/Preview Content\"";
				ENABLE_PREVIEWS = YES;
				GENERATE_INFOPLIST_FILE = YES;
				INFOPLIST_KEY_UIApplicationSceneManifest_Generation = YES;
				INFOPLIST_KEY_UIApplicationSupportsIndirectInputEvents = YES;
				INFOPLIST_KEY_UILaunchScreen_Generation = YES;
				INFOPLIST_KEY_UISupportedInterfaceOrientations_iPad = "UIInterfaceOrientationPortrait UIInterfaceOrientationPortraitUpsideDown UIInterfaceOrientationLandscapeLeft UIInterfaceOrientationLandscapeRight";
				INFOPLIST_KEY_UISupportedInterfaceOrientations_iPhone = "UIInterfaceOrientationPortrait UIInterfaceOrientationLandscapeLeft UIInterfaceOrientationLandscapeRight";
				LD_RUNPATH_SEARCH_PATHS = (
					"$(inherited)",
					"@executable_path/Frameworks",
				);
				MARKETING_VERSION = 1.0;
				PRODUCT_BUNDLE_IDENTIFIER = us.swcsd.TheBrewBarn;
				PRODUCT_NAME = "$(TARGET_NAME)";
				SWIFT_EMIT_LOC_STRINGS = YES;
				SWIFT_VERSION = 5.0;
				TARGETED_DEVICE_FAMILY = "1,2";
			};
			name = Release;
		};
		74A9348C2D10B8DA00FC481F /* Debug */ = {
			isa = XCBuildConfiguration;
			buildSettings = {
				BUNDLE_LOADER = "$(TEST_HOST)";
				CODE_SIGN_STYLE = Automatic;
				CURRENT_PROJECT_VERSION = 1;
				GENERATE_INFOPLIST_FILE = YES;
				IPHONEOS_DEPLOYMENT_TARGET = 18.2;
				MARKETING_VERSION = 1.0;
				PRODUCT_BUNDLE_IDENTIFIER = us.swcsd.TheBrewBarnTests;
				PRODUCT_NAME = "$(TARGET_NAME)";
				SWIFT_EMIT_LOC_STRINGS = NO;
				SWIFT_VERSION = 5.0;
				TARGETED_DEVICE_FAMILY = "1,2";
				TEST_HOST = "$(BUILT_PRODUCTS_DIR)/TheBrewBarn.app/$(BUNDLE_EXECUTABLE_FOLDER_PATH)/TheBrewBarn";
			};
			name = Debug;
		};
		74A9348D2D10B8DA00FC481F /* Release */ = {
			isa = XCBuildConfiguration;
			buildSettings = {
				BUNDLE_LOADER = "$(TEST_HOST)";
				CODE_SIGN_STYLE = Automatic;
				CURRENT_PROJECT_VERSION = 1;
				GENERATE_INFOPLIST_FILE = YES;
				IPHONEOS_DEPLOYMENT_TARGET = 18.2;
				MARKETING_VERSION = 1.0;
				PRODUCT_BUNDLE_IDENTIFIER = us.swcsd.TheBrewBarnTests;
				PRODUCT_NAME = "$(TARGET_NAME)";
				SWIFT_EMIT_LOC_STRINGS = NO;
				SWIFT_VERSION = 5.0;
				TARGETED_DEVICE_FAMILY = "1,2";
				TEST_HOST = "$(BUILT_PRODUCTS_DIR)/TheBrewBarn.app/$(BUNDLE_EXECUTABLE_FOLDER_PATH)/TheBrewBarn";
			};
			name = Release;
		};
		74A9348F2D10B8DA00FC481F /* Debug */ = {
			isa = XCBuildConfiguration;
			buildSettings = {
				CODE_SIGN_STYLE = Automatic;
				CURRENT_PROJECT_VERSION = 1;
				GENERATE_INFOPLIST_FILE = YES;
				MARKETING_VERSION = 1.0;
				PRODUCT_BUNDLE_IDENTIFIER = us.swcsd.TheBrewBarnUITests;
				PRODUCT_NAME = "$(TARGET_NAME)";
				SWIFT_EMIT_LOC_STRINGS = NO;
				SWIFT_VERSION = 5.0;
				TARGETED_DEVICE_FAMILY = "1,2";
				TEST_TARGET_NAME = TheBrewBarn;
			};
			name = Debug;
		};
		74A934902D10B8DA00FC481F /* Release */ = {
			isa = XCBuildConfiguration;
			buildSettings = {
				CODE_SIGN_STYLE = Automatic;
				CURRENT_PROJECT_VERSION = 1;
				GENERATE_INFOPLIST_FILE = YES;
				MARKETING_VERSION = 1.0;
				PRODUCT_BUNDLE_IDENTIFIER = us.swcsd.TheBrewBarnUITests;
				PRODUCT_NAME = "$(TARGET_NAME)";
				SWIFT_EMIT_LOC_STRINGS = NO;
				SWIFT_VERSION = 5.0;
				TARGETED_DEVICE_FAMILY = "1,2";
				TEST_TARGET_NAME = TheBrewBarn;
			};
			name = Release;
		};
/* End XCBuildConfiguration section */

/* Begin XCConfigurationList section */
		74A9345F2D10B8D800FC481F /* Build configuration list for PBXProject "TheBrewBarn" */ = {
			isa = XCConfigurationList;
			buildConfigurations = (
				74A934862D10B8DA00FC481F /* Debug */,
				74A934872D10B8DA00FC481F /* Release */,
			);
			defaultConfigurationIsVisible = 0;
			defaultConfigurationName = Release;
		};
		74A934882D10B8DA00FC481F /* Build configuration list for PBXNativeTarget "TheBrewBarn" */ = {
			isa = XCConfigurationList;
			buildConfigurations = (
				74A934892D10B8DA00FC481F /* Debug */,
				74A9348A2D10B8DA00FC481F /* Release */,
			);
			defaultConfigurationIsVisible = 0;
			defaultConfigurationName = Release;
		};
		74A9348B2D10B8DA00FC481F /* Build configuration list for PBXNativeTarget "TheBrewBarnTests" */ = {
			isa = XCConfigurationList;
			buildConfigurations = (
				74A9348C2D10B8DA00FC481F /* Debug */,
				74A9348D2D10B8DA00FC481F /* Release */,
			);
			defaultConfigurationIsVisible = 0;
			defaultConfigurationName = Release;
		};
		74A9348E2D10B8DA00FC481F /* Build configuration list for PBXNativeTarget "TheBrewBarnUITests" */ = {
			isa = XCConfigurationList;
			buildConfigurations = (
				74A9348F2D10B8DA00FC481F /* Debug */,
				74A934902D10B8DA00FC481F /* Release */,
			);
			defaultConfigurationIsVisible = 0;
			defaultConfigurationName = Release;
		};
/* End XCConfigurationList section */
	};
	rootObject = 74A9345C2D10B8D800FC481F /* Project object */;
}
